
Microsoft Visual Studio Solution File, Format Version 12.00
Project("{FAE04EC0-301F-11D3-BF4B-00C04F79EFBC}") = "InYourFridgeAPI", "InYourFridgeAPI\InYourFridgeAPI.csproj", "{29926309-C677-441F-AC48-4A6446B3D0CC}"
EndProject
Global
	GlobalSection(SolutionConfigurationPlatforms) = preSolution
		Debug|Any CPU = Debug|Any CPU
		Release|Any CPU = Release|Any CPU
	EndGlobalSection
	GlobalSection(ProjectConfigurationPlatforms) = postSolution
		{29926309-C677-441F-AC48-4A6446B3D0CC}.Debug|Any CPU.ActiveCfg = Debug|Any CPU
		{29926309-C677-441F-AC48-4A6446B3D0CC}.Debug|Any CPU.Build.0 = Debug|Any CPU
		{29926309-C677-441F-AC48-4A6446B3D0CC}.Release|Any CPU.ActiveCfg = Release|Any CPU
		{29926309-C677-441F-AC48-4A6446B3D0CC}.Release|Any CPU.Build.0 = Release|Any CPU
	EndGlobalSection
EndGlobal
